
Microsoft Visual Studio Solution File, Format Version 12.00
# Visual Studio Version 17
VisualStudioVersion = 17.0.31903.59
MinimumVisualStudioVersion = 10.0.40219.1
Project("{9A19103F-16F7-4668-BE54-9A1E7A4F7556}") = "crud-dotnet", "crud-dotnet\crud-dotnet.csproj", "{B4D6F093-A06C-4BCF-9CB2-12D5B074674A}"
EndProject
Global
	GlobalSection(SolutionConfigurationPlatforms) = preSolution
		Debug|Any CPU = Debug|Any CPU
		Release|Any CPU = Release|Any CPU
	EndGlobalSection
	GlobalSection(ProjectConfigurationPlatforms) = postSolution
		{B4D6F093-A06C-4BCF-9CB2-12D5B074674A}.Debug|Any CPU.ActiveCfg = Debug|Any CPU
		{B4D6F093-A06C-4BCF-9CB2-12D5B074674A}.Debug|Any CPU.Build.0 = Debug|Any CPU
		{B4D6F093-A06C-4BCF-9CB2-12D5B074674A}.Release|Any CPU.ActiveCfg = Release|Any CPU
		{B4D6F093-A06C-4BCF-9CB2-12D5B074674A}.Release|Any CPU.Build.0 = Release|Any CPU
	EndGlobalSection
	GlobalSection(SolutionProperties) = preSolution
		HideSolutionNode = FALSE
	EndGlobalSection
	GlobalSection(ExtensibilityGlobals) = postSolution
		SolutionGuid = {D1B07897-ED19-4074-A7F6-4DB9DC3BBCC5}
	EndGlobalSection
EndGlobal
