
Microsoft Visual Studio Solution File, Format Version 12.00
# Visual Studio Version 17
VisualStudioVersion = 17.0.31903.59
MinimumVisualStudioVersion = 10.0.40219.1
Project("{FAE04EC0-301F-11D3-BF4B-00C04F79EFBC}") = "crud-dotnet-test", "crud-dotnet-test\crud-dotnet-test.csproj", "{7D8CE961-9038-47A4-A306-288D1716070A}"
EndProject
Project("{FAE04EC0-301F-11D3-BF4B-00C04F79EFBC}") = "crud-dotnet", "crud-dotnet\crud-dotnet.csproj", "{B4D6F093-A06C-4BCF-9CB2-12D5B074674A}"
EndProject
Global
	GlobalSection(SolutionConfigurationPlatforms) = preSolution
		Debug|Any CPU = Debug|Any CPU
		Release|Any CPU = Release|Any CPU
	EndGlobalSection
	GlobalSection(SolutionProperties) = preSolution
		HideSolutionNode = FALSE
	EndGlobalSection
	GlobalSection(ProjectConfigurationPlatforms) = postSolution
		{7D8CE961-9038-47A4-A306-288D1716070A}.Debug|Any CPU.ActiveCfg = Debug|Any CPU
		{7D8CE961-9038-47A4-A306-288D1716070A}.Debug|Any CPU.Build.0 = Debug|Any CPU
		{7D8CE961-9038-47A4-A306-288D1716070A}.Release|Any CPU.ActiveCfg = Release|Any CPU
		{7D8CE961-9038-47A4-A306-288D1716070A}.Release|Any CPU.Build.0 = Release|Any CPU
		{B4D6F093-A06C-4BCF-9CB2-12D5B074674A}.Debug|Any CPU.ActiveCfg = Debug|Any CPU
		{B4D6F093-A06C-4BCF-9CB2-12D5B074674A}.Debug|Any CPU.Build.0 = Debug|Any CPU
		{B4D6F093-A06C-4BCF-9CB2-12D5B074674A}.Release|Any CPU.ActiveCfg = Release|Any CPU
		{B4D6F093-A06C-4BCF-9CB2-12D5B074674A}.Release|Any CPU.Build.0 = Release|Any CPU
	EndGlobalSection
EndGlobal
